
Microsoft Visual Studio Solution File, Format Version 12.00
# Visual Studio Version 17
VisualStudioVersion = 17.4.33213.308
MinimumVisualStudioVersion = 10.0.40219.1
Project("{FAE04EC0-301F-11D3-BF4B-00C04F79EFBC}") = "CW7-Decorator_Practice-CSCI352", "CW7-Decorator_Practice-CSCI352\CW7-Decorator_Practice-CSCI352.csproj", "{3603AE0B-B80F-4192-AAFF-B2F288B51FED}"
EndProject
Global
	GlobalSection(SolutionConfigurationPlatforms) = preSolution
		Debug|Any CPU = Debug|Any CPU
		Release|Any CPU = Release|Any CPU
	EndGlobalSection
	GlobalSection(ProjectConfigurationPlatforms) = postSolution
		{3603AE0B-B80F-4192-AAFF-B2F288B51FED}.Debug|Any CPU.ActiveCfg = Debug|Any CPU
		{3603AE0B-B80F-4192-AAFF-B2F288B51FED}.Debug|Any CPU.Build.0 = Debug|Any CPU
		{3603AE0B-B80F-4192-AAFF-B2F288B51FED}.Release|Any CPU.ActiveCfg = Release|Any CPU
		{3603AE0B-B80F-4192-AAFF-B2F288B51FED}.Release|Any CPU.Build.0 = Release|Any CPU
	EndGlobalSection
	GlobalSection(SolutionProperties) = preSolution
		HideSolutionNode = FALSE
	EndGlobalSection
	GlobalSection(ExtensibilityGlobals) = postSolution
		SolutionGuid = {D86BC4B0-6821-4C86-9C33-6A2DC6B24EF5}
	EndGlobalSection
EndGlobal
